
Microsoft Visual Studio Solution File, Format Version 12.00
# Visual Studio Version 17
VisualStudioVersion = 17.3.32922.545
MinimumVisualStudioVersion = 10.0.40219.1
Project("{FAE04EC0-301F-11D3-BF4B-00C04F79EFBC}") = "Experience_wtih_Dapper", "Experience_wtih_Dapper\Experience_wtih_Dapper.csproj", "{8123F6B1-A3B0-476A-BE76-6E4D16DBB60B}"
EndProject
Global
	GlobalSection(SolutionConfigurationPlatforms) = preSolution
		Debug|Any CPU = Debug|Any CPU
		Release|Any CPU = Release|Any CPU
	EndGlobalSection
	GlobalSection(ProjectConfigurationPlatforms) = postSolution
		{8123F6B1-A3B0-476A-BE76-6E4D16DBB60B}.Debug|Any CPU.ActiveCfg = Debug|Any CPU
		{8123F6B1-A3B0-476A-BE76-6E4D16DBB60B}.Debug|Any CPU.Build.0 = Debug|Any CPU
		{8123F6B1-A3B0-476A-BE76-6E4D16DBB60B}.Release|Any CPU.ActiveCfg = Release|Any CPU
		{8123F6B1-A3B0-476A-BE76-6E4D16DBB60B}.Release|Any CPU.Build.0 = Release|Any CPU
	EndGlobalSection
	GlobalSection(SolutionProperties) = preSolution
		HideSolutionNode = FALSE
	EndGlobalSection
	GlobalSection(ExtensibilityGlobals) = postSolution
		SolutionGuid = {BAB1E9B7-5CAF-4BD0-A4DC-7F97789F3639}
	EndGlobalSection
EndGlobal
